
Microsoft Visual Studio Solution File, Format Version 12.00
# Visual Studio Version 16
VisualStudioVersion = 16.0.30011.22
MinimumVisualStudioVersion = 10.0.40219.1
Project("{FAE04EC0-301F-11D3-BF4B-00C04F79EFBC}") = "fileSystem01", "fileSystem01\fileSystem01.csproj", "{7E5F01E4-432F-43B1-9219-50732792CC16}"
EndProject
Global
	GlobalSection(SolutionConfigurationPlatforms) = preSolution
		Debug|Any CPU = Debug|Any CPU
		Release|Any CPU = Release|Any CPU
	EndGlobalSection
	GlobalSection(ProjectConfigurationPlatforms) = postSolution
		{7E5F01E4-432F-43B1-9219-50732792CC16}.Debug|Any CPU.ActiveCfg = Debug|Any CPU
		{7E5F01E4-432F-43B1-9219-50732792CC16}.Debug|Any CPU.Build.0 = Debug|Any CPU
		{7E5F01E4-432F-43B1-9219-50732792CC16}.Release|Any CPU.ActiveCfg = Release|Any CPU
		{7E5F01E4-432F-43B1-9219-50732792CC16}.Release|Any CPU.Build.0 = Release|Any CPU
	EndGlobalSection
	GlobalSection(SolutionProperties) = preSolution
		HideSolutionNode = FALSE
	EndGlobalSection
	GlobalSection(ExtensibilityGlobals) = postSolution
		SolutionGuid = {18E80A0B-8CE9-4463-AF5B-63EEFDC5B3DD}
	EndGlobalSection
EndGlobal
